
Microsoft Visual Studio Solution File, Format Version 12.00
# Visual Studio 14
VisualStudioVersion = 14.0.25420.1
MinimumVisualStudioVersion = 10.0.40219.1
Project("{FAE04EC0-301F-11D3-BF4B-00C04F79EFBC}") = "BridgeTestPlugin", "BridgeTestPlugin\BridgeTestPlugin.csproj", "{7021D5CD-7B45-41FE-929B-ABE6EAF45289}"
EndProject
Project("{FAE04EC0-301F-11D3-BF4B-00C04F79EFBC}") = "BridgeTestForm", "BridgeTestForm\BridgeTestForm.csproj", "{01B0369F-B51F-4421-9CB8-4215225D457D}"
EndProject
Project("{FAE04EC0-301F-11D3-BF4B-00C04F79EFBC}") = "SakuraBridge.Library", "..\Library\SakuraBridge.Library.csproj", "{DF8C43CD-024C-4058-8E37-592A5EF752C0}"
EndProject
Global
	GlobalSection(SolutionConfigurationPlatforms) = preSolution
		Debug|Any CPU = Debug|Any CPU
		Release|Any CPU = Release|Any CPU
	EndGlobalSection
	GlobalSection(ProjectConfigurationPlatforms) = postSolution
		{7021D5CD-7B45-41FE-929B-ABE6EAF45289}.Debug|Any CPU.ActiveCfg = Debug|Any CPU
		{7021D5CD-7B45-41FE-929B-ABE6EAF45289}.Debug|Any CPU.Build.0 = Debug|Any CPU
		{7021D5CD-7B45-41FE-929B-ABE6EAF45289}.Release|Any CPU.ActiveCfg = Release|Any CPU
		{7021D5CD-7B45-41FE-929B-ABE6EAF45289}.Release|Any CPU.Build.0 = Release|Any CPU
		{01B0369F-B51F-4421-9CB8-4215225D457D}.Debug|Any CPU.ActiveCfg = Debug|Any CPU
		{01B0369F-B51F-4421-9CB8-4215225D457D}.Debug|Any CPU.Build.0 = Debug|Any CPU
		{01B0369F-B51F-4421-9CB8-4215225D457D}.Release|Any CPU.ActiveCfg = Release|Any CPU
		{01B0369F-B51F-4421-9CB8-4215225D457D}.Release|Any CPU.Build.0 = Release|Any CPU
		{DF8C43CD-024C-4058-8E37-592A5EF752C0}.Debug|Any CPU.ActiveCfg = Debug|Any CPU
		{DF8C43CD-024C-4058-8E37-592A5EF752C0}.Debug|Any CPU.Build.0 = Debug|Any CPU
		{DF8C43CD-024C-4058-8E37-592A5EF752C0}.Release|Any CPU.ActiveCfg = Release|Any CPU
		{DF8C43CD-024C-4058-8E37-592A5EF752C0}.Release|Any CPU.Build.0 = Release|Any CPU
	EndGlobalSection
	GlobalSection(SolutionProperties) = preSolution
		HideSolutionNode = FALSE
	EndGlobalSection
EndGlobal
